
Microsoft Visual Studio Solution File, Format Version 12.00
# Visual Studio Version 16
VisualStudioVersion = 16.0.32228.343
MinimumVisualStudioVersion = 10.0.40219.1
Project("{9A19103F-16F7-4668-BE54-9A1E7A4F7556}") = "CVGenerator.Web", "CVGenerator.Web\CVGenerator.Web.csproj", "{9395E006-08C7-4375-9D72-DB77FF814490}"
	ProjectSection(ProjectDependencies) = postProject
		{C7395756-A06B-43CB-8671-B67E5D01F3CB} = {C7395756-A06B-43CB-8671-B67E5D01F3CB}
		{1E2EB2B8-213E-474B-BD92-973DEEEEBF3A} = {1E2EB2B8-213E-474B-BD92-973DEEEEBF3A}
	EndProjectSection
EndProject
Project("{9A19103F-16F7-4668-BE54-9A1E7A4F7556}") = "CVGenerator.Core", "CVGenerator.Core\CVGenerator.Core.csproj", "{1E2EB2B8-213E-474B-BD92-973DEEEEBF3A}"
EndProject
Project("{9A19103F-16F7-4668-BE54-9A1E7A4F7556}") = "CVGenerator.DTO", "CVGenerator.DTO\CVGenerator.DTO.csproj", "{C7395756-A06B-43CB-8671-B67E5D01F3CB}"
EndProject
Global
	GlobalSection(SolutionConfigurationPlatforms) = preSolution
		Debug|Any CPU = Debug|Any CPU
		Release|Any CPU = Release|Any CPU
	EndGlobalSection
	GlobalSection(ProjectConfigurationPlatforms) = postSolution
		{9395E006-08C7-4375-9D72-DB77FF814490}.Debug|Any CPU.ActiveCfg = Debug|Any CPU
		{9395E006-08C7-4375-9D72-DB77FF814490}.Debug|Any CPU.Build.0 = Debug|Any CPU
		{9395E006-08C7-4375-9D72-DB77FF814490}.Release|Any CPU.ActiveCfg = Release|Any CPU
		{9395E006-08C7-4375-9D72-DB77FF814490}.Release|Any CPU.Build.0 = Release|Any CPU
		{1E2EB2B8-213E-474B-BD92-973DEEEEBF3A}.Debug|Any CPU.ActiveCfg = Debug|Any CPU
		{1E2EB2B8-213E-474B-BD92-973DEEEEBF3A}.Debug|Any CPU.Build.0 = Debug|Any CPU
		{1E2EB2B8-213E-474B-BD92-973DEEEEBF3A}.Release|Any CPU.ActiveCfg = Release|Any CPU
		{1E2EB2B8-213E-474B-BD92-973DEEEEBF3A}.Release|Any CPU.Build.0 = Release|Any CPU
		{C7395756-A06B-43CB-8671-B67E5D01F3CB}.Debug|Any CPU.ActiveCfg = Debug|Any CPU
		{C7395756-A06B-43CB-8671-B67E5D01F3CB}.Debug|Any CPU.Build.0 = Debug|Any CPU
		{C7395756-A06B-43CB-8671-B67E5D01F3CB}.Release|Any CPU.ActiveCfg = Release|Any CPU
		{C7395756-A06B-43CB-8671-B67E5D01F3CB}.Release|Any CPU.Build.0 = Release|Any CPU
	EndGlobalSection
	GlobalSection(SolutionProperties) = preSolution
		HideSolutionNode = FALSE
	EndGlobalSection
	GlobalSection(ExtensibilityGlobals) = postSolution
		SolutionGuid = {E1BE6AA7-5593-4EED-8C66-C56AA2C77A3D}
	EndGlobalSection
EndGlobal
